// !$*UTF8*$!
{
	archiveVersion = 1;
	classes = {
	};
	objectVersion = 46;
	objects = {

/* Begin PBXBuildFile section */
		1D3623260D0F684500981E51 /* calendarAppDelegate.m in Sources */ = {isa = PBXBuildFile; fileRef = 1D3623250D0F684500981E51 /* calendarAppDelegate.m */; };
		1D60589B0D05DD56006BFB54 /* main.m in Sources */ = {isa = PBXBuildFile; fileRef = 29B97316FDCFA39411CA2CEA /* main.m */; };
		1D60589F0D05DD5A006BFB54 /* Foundation.framework in Frameworks */ = {isa = PBXBuildFile; fileRef = 1D30AB110D05D00D00671497 /* Foundation.framework */; };
		1DF5F4E00D08C38300B7A737 /* UIKit.framework in Frameworks */ = {isa = PBXBuildFile; fileRef = 1DF5F4DF0D08C38300B7A737 /* UIKit.framework */; };
		288765A50DF7441C002DB57D /* CoreGraphics.framework in Frameworks */ = {isa = PBXBuildFile; fileRef = 288765A40DF7441C002DB57D /* CoreGraphics.framework */; };
		28D7ACF80DDB3853001CB0EB /* CalendarDayController.m in Sources */ = {isa = PBXBuildFile; fileRef = 28D7ACF70DDB3853001CB0EB /* CalendarDayController.m */; };
		29247E6915905B8000B12926 /* Event.m in Sources */ = {isa = PBXBuildFile; fileRef = 29247E6815905B8000B12926 /* Event.m */; };
		292CB7B9158F1328006367C4 /* CalendarDayController.xib in Resources */ = {isa = PBXBuildFile; fileRef = 292CB7B6158F1328006367C4 /* CalendarDayController.xib */; };
		292CB7BA158F1328006367C4 /* CategoryChooserCell.xib in Resources */ = {isa = PBXBuildFile; fileRef = 292CB7B7158F1328006367C4 /* CategoryChooserCell.xib */; };
		292CB7BB158F1328006367C4 /* MainWindow.xib in Resources */ = {isa = PBXBuildFile; fileRef = 292CB7B8158F1328006367C4 /* MainWindow.xib */; };
		294DCC8C152C16BD00637E0A /* CalendarEntity.m in Sources */ = {isa = PBXBuildFile; fileRef = 294DCC8B152C16BD00637E0A /* CalendarEntity.m */; };
		2968FE64158D61CD00CBB5BE /* EventKit.framework in Frameworks */ = {isa = PBXBuildFile; fileRef = 2968FE63158D61CD00CBB5BE /* EventKit.framework */; };
		2968FE70158D700E00CBB5BE /* CalendarController.m in Sources */ = {isa = PBXBuildFile; fileRef = 2968FE6E158D700E00CBB5BE /* CalendarController.m */; };
		2968FE71158D700E00CBB5BE /* CalendarController.xib in Resources */ = {isa = PBXBuildFile; fileRef = 2968FE6F158D700E00CBB5BE /* CalendarController.xib */; };
		2968FE96158D72BA00CBB5BE /* BreakdownController.m in Sources */ = {isa = PBXBuildFile; fileRef = 2968FE94158D72BA00CBB5BE /* BreakdownController.m */; };
		2968FE97158D72BA00CBB5BE /* BreakdownController.xib in Resources */ = {isa = PBXBuildFile; fileRef = 2968FE95158D72BA00CBB5BE /* BreakdownController.xib */; };
		299DF98715195A3700958CF4 /* CalendarDay.m in Sources */ = {isa = PBXBuildFile; fileRef = 299DF98615195A3700958CF4 /* CalendarDay.m */; };
		29C1CF63158EAE7E00842914 /* CategoryChooserController.m in Sources */ = {isa = PBXBuildFile; fileRef = 29C1CF61158EAE7E00842914 /* CategoryChooserController.m */; };
		29C1CF64158EAE7E00842914 /* CategoryChooserController.xib in Resources */ = {isa = PBXBuildFile; fileRef = 29C1CF62158EAE7E00842914 /* CategoryChooserController.xib */; };
		29C1CF7D158EBEBF00842914 /* CategoryChooserCell.m in Sources */ = {isa = PBXBuildFile; fileRef = 29C1CF7C158EBEBF00842914 /* CategoryChooserCell.m */; };
		29C1CFD1158ED93600842914 /* Category.m in Sources */ = {isa = PBXBuildFile; fileRef = 29C1CFD0158ED93600842914 /* Category.m */; };
		29D98125151C14BC00B1E158 /* CalendarEvent.m in Sources */ = {isa = PBXBuildFile; fileRef = 29D98124151C14BC00B1E158 /* CalendarEvent.m */; };
		29E54FE2153CBCF800D1B82F /* Calendar.m in Sources */ = {isa = PBXBuildFile; fileRef = 29E54FE1153CBCF800D1B82F /* Calendar.m */; };
		5222D78F15A9867000D473A6 /* UIGestureRecognizer+Tools.m in Sources */ = {isa = PBXBuildFile; fileRef = 5222D78E15A9867000D473A6 /* UIGestureRecognizer+Tools.m */; };
		5232E36D159BE4CE000AE3BC /* CalendarMath.m in Sources */ = {isa = PBXBuildFile; fileRef = 5232E36C159BE4CE000AE3BC /* CalendarMath.m */; };
		52529D7915A51889009D5468 /* UIColor+Tools.m in Sources */ = {isa = PBXBuildFile; fileRef = 52529D7815A51889009D5468 /* UIColor+Tools.m */; };
		52779B5215DD91B10053BFF7 /* LayerAnimationFactory.m in Sources */ = {isa = PBXBuildFile; fileRef = 52779B5115DD91B10053BFF7 /* LayerAnimationFactory.m */; };
		52779B5715DD94760053BFF7 /* BoxLayer.m in Sources */ = {isa = PBXBuildFile; fileRef = 52779B5615DD94760053BFF7 /* BoxLayer.m */; };
		52779B5A15DD949A0053BFF7 /* DepthLayer.m in Sources */ = {isa = PBXBuildFile; fileRef = 52779B5915DD94990053BFF7 /* DepthLayer.m */; };
		52779B5D15DD95200053BFF7 /* CalendarEventLayer.m in Sources */ = {isa = PBXBuildFile; fileRef = 52779B5C15DD95200053BFF7 /* CalendarEventLayer.m */; };
		52B1642C15B0179300269D10 /* Background.png in Resources */ = {isa = PBXBuildFile; fileRef = 52B1642B15B0179300269D10 /* Background.png */; };
		52B1642E15B23DDA00269D10 /* QuartzCore.framework in Frameworks */ = {isa = PBXBuildFile; fileRef = 52B1642D15B23DD900269D10 /* QuartzCore.framework */; };
		52B1643115B247BC00269D10 /* LayerDelegate.m in Sources */ = {isa = PBXBuildFile; fileRef = 52B1643015B247BC00269D10 /* LayerDelegate.m */; };
		52B69C7B15E40FC5006BD2CE /* RailLayer.m in Sources */ = {isa = PBXBuildFile; fileRef = 52B69C7A15E40FC5006BD2CE /* RailLayer.m */; };
		52B69C7E15E41308006BD2CE /* DepthMaskLayer.m in Sources */ = {isa = PBXBuildFile; fileRef = 52B69C7D15E41307006BD2CE /* DepthMaskLayer.m */; };
		52B69C8115E417BE006BD2CE /* CategoryLayer.m in Sources */ = {isa = PBXBuildFile; fileRef = 52B69C8015E417BD006BD2CE /* CategoryLayer.m */; };
		52E40D4215E362C900186DE2 /* HighlightLayer.m in Sources */ = {isa = PBXBuildFile; fileRef = 52E40D4115E362C900186DE2 /* HighlightLayer.m */; };
/* End PBXBuildFile section */

/* Begin PBXFileReference section */
		1D30AB110D05D00D00671497 /* Foundation.framework */ = {isa = PBXFileReference; lastKnownFileType = wrapper.framework; name = Foundation.framework; path = System/Library/Frameworks/Foundation.framework; sourceTree = SDKROOT; };
		1D3623240D0F684500981E51 /* calendarAppDelegate.h */ = {isa = PBXFileReference; fileEncoding = 4; lastKnownFileType = sourcecode.c.h; path = calendarAppDelegate.h; sourceTree = "<group>"; };
		1D3623250D0F684500981E51 /* calendarAppDelegate.m */ = {isa = PBXFileReference; fileEncoding = 4; lastKnownFileType = sourcecode.c.objc; path = calendarAppDelegate.m; sourceTree = "<group>"; };
		1D6058910D05DD3D006BFB54 /* calendar.app */ = {isa = PBXFileReference; explicitFileType = wrapper.application; includeInIndex = 0; path = calendar.app; sourceTree = BUILT_PRODUCTS_DIR; };
		1DF5F4DF0D08C38300B7A737 /* UIKit.framework */ = {isa = PBXFileReference; lastKnownFileType = wrapper.framework; name = UIKit.framework; path = System/Library/Frameworks/UIKit.framework; sourceTree = SDKROOT; };
		288765A40DF7441C002DB57D /* CoreGraphics.framework */ = {isa = PBXFileReference; lastKnownFileType = wrapper.framework; name = CoreGraphics.framework; path = System/Library/Frameworks/CoreGraphics.framework; sourceTree = SDKROOT; };
		28D7ACF60DDB3853001CB0EB /* CalendarDayController.h */ = {isa = PBXFileReference; fileEncoding = 4; lastKnownFileType = sourcecode.c.h; path = CalendarDayController.h; sourceTree = "<group>"; };
		28D7ACF70DDB3853001CB0EB /* CalendarDayController.m */ = {isa = PBXFileReference; fileEncoding = 4; lastKnownFileType = sourcecode.c.objc; lineEnding = 0; path = CalendarDayController.m; sourceTree = "<group>"; xcLanguageSpecificationIdentifier = xcode.lang.objc; };
		29247E6715905B8000B12926 /* Event.h */ = {isa = PBXFileReference; fileEncoding = 4; lastKnownFileType = sourcecode.c.h; path = Event.h; sourceTree = "<group>"; };
		29247E6815905B8000B12926 /* Event.m */ = {isa = PBXFileReference; fileEncoding = 4; lastKnownFileType = sourcecode.c.objc; path = Event.m; sourceTree = "<group>"; };
		292CB7B6158F1328006367C4 /* CalendarDayController.xib */ = {isa = PBXFileReference; lastKnownFileType = file.xib; name = CalendarDayController.xib; path = Classes/CalendarDayController.xib; sourceTree = "<group>"; };
		292CB7B7158F1328006367C4 /* CategoryChooserCell.xib */ = {isa = PBXFileReference; lastKnownFileType = file.xib; name = CategoryChooserCell.xib; path = Classes/CategoryChooserCell.xib; sourceTree = "<group>"; };
		292CB7B8158F1328006367C4 /* MainWindow.xib */ = {isa = PBXFileReference; lastKnownFileType = file.xib; name = MainWindow.xib; path = Classes/MainWindow.xib; sourceTree = "<group>"; };
		294DCC8A152C16BD00637E0A /* CalendarEntity.h */ = {isa = PBXFileReference; fileEncoding = 4; lastKnownFileType = sourcecode.c.h; path = CalendarEntity.h; sourceTree = "<group>"; };
		294DCC8B152C16BD00637E0A /* CalendarEntity.m */ = {isa = PBXFileReference; fileEncoding = 4; lastKnownFileType = sourcecode.c.objc; path = CalendarEntity.m; sourceTree = "<group>"; };
		2968FE63158D61CD00CBB5BE /* EventKit.framework */ = {isa = PBXFileReference; lastKnownFileType = wrapper.framework; name = EventKit.framework; path = System/Library/Frameworks/EventKit.framework; sourceTree = SDKROOT; };
		2968FE6D158D700E00CBB5BE /* CalendarController.h */ = {isa = PBXFileReference; fileEncoding = 4; lastKnownFileType = sourcecode.c.h; path = CalendarController.h; sourceTree = "<group>"; };
		2968FE6E158D700E00CBB5BE /* CalendarController.m */ = {isa = PBXFileReference; fileEncoding = 4; lastKnownFileType = sourcecode.c.objc; lineEnding = 0; path = CalendarController.m; sourceTree = "<group>"; xcLanguageSpecificationIdentifier = xcode.lang.objc; };
		2968FE6F158D700E00CBB5BE /* CalendarController.xib */ = {isa = PBXFileReference; lastKnownFileType = file.xib; name = CalendarController.xib; path = Classes/CalendarController.xib; sourceTree = "<group>"; };
		2968FE93158D72BA00CBB5BE /* BreakdownController.h */ = {isa = PBXFileReference; fileEncoding = 4; lastKnownFileType = sourcecode.c.h; path = BreakdownController.h; sourceTree = "<group>"; };
		2968FE94158D72BA00CBB5BE /* BreakdownController.m */ = {isa = PBXFileReference; fileEncoding = 4; lastKnownFileType = sourcecode.c.objc; path = BreakdownController.m; sourceTree = "<group>"; };
		2968FE95158D72BA00CBB5BE /* BreakdownController.xib */ = {isa = PBXFileReference; lastKnownFileType = file.xib; name = BreakdownController.xib; path = Classes/BreakdownController.xib; sourceTree = "<group>"; };
		299DF98515195A3700958CF4 /* CalendarDay.h */ = {isa = PBXFileReference; fileEncoding = 4; lastKnownFileType = sourcecode.c.h; path = CalendarDay.h; sourceTree = "<group>"; };
		299DF98615195A3700958CF4 /* CalendarDay.m */ = {isa = PBXFileReference; fileEncoding = 4; lastKnownFileType = sourcecode.c.objc; lineEnding = 0; path = CalendarDay.m; sourceTree = "<group>"; xcLanguageSpecificationIdentifier = xcode.lang.objc; };
		29B97316FDCFA39411CA2CEA /* main.m */ = {isa = PBXFileReference; fileEncoding = 4; lastKnownFileType = sourcecode.c.objc; path = main.m; sourceTree = "<group>"; };
		29C1CF60158EAE7E00842914 /* CategoryChooserController.h */ = {isa = PBXFileReference; fileEncoding = 4; lastKnownFileType = sourcecode.c.h; path = CategoryChooserController.h; sourceTree = "<group>"; };
		29C1CF61158EAE7E00842914 /* CategoryChooserController.m */ = {isa = PBXFileReference; fileEncoding = 4; lastKnownFileType = sourcecode.c.objc; path = CategoryChooserController.m; sourceTree = "<group>"; };
		29C1CF62158EAE7E00842914 /* CategoryChooserController.xib */ = {isa = PBXFileReference; lastKnownFileType = file.xib; name = CategoryChooserController.xib; path = Classes/CategoryChooserController.xib; sourceTree = "<group>"; };
		29C1CF7B158EBEBF00842914 /* CategoryChooserCell.h */ = {isa = PBXFileReference; fileEncoding = 4; lastKnownFileType = sourcecode.c.h; path = CategoryChooserCell.h; sourceTree = "<group>"; };
		29C1CF7C158EBEBF00842914 /* CategoryChooserCell.m */ = {isa = PBXFileReference; fileEncoding = 4; lastKnownFileType = sourcecode.c.objc; path = CategoryChooserCell.m; sourceTree = "<group>"; };
		29C1CFCF158ED93600842914 /* Category.h */ = {isa = PBXFileReference; fileEncoding = 4; lastKnownFileType = sourcecode.c.h; path = Category.h; sourceTree = "<group>"; };
		29C1CFD0158ED93600842914 /* Category.m */ = {isa = PBXFileReference; fileEncoding = 4; lastKnownFileType = sourcecode.c.objc; path = Category.m; sourceTree = "<group>"; };
		29D98123151C14BC00B1E158 /* CalendarEvent.h */ = {isa = PBXFileReference; fileEncoding = 4; lastKnownFileType = sourcecode.c.h; path = CalendarEvent.h; sourceTree = "<group>"; };
		29D98124151C14BC00B1E158 /* CalendarEvent.m */ = {isa = PBXFileReference; fileEncoding = 4; lastKnownFileType = sourcecode.c.objc; lineEnding = 0; path = CalendarEvent.m; sourceTree = "<group>"; xcLanguageSpecificationIdentifier = xcode.lang.objc; };
		29E54FE0153CBCF800D1B82F /* Calendar.h */ = {isa = PBXFileReference; fileEncoding = 4; lastKnownFileType = sourcecode.c.h; path = Calendar.h; sourceTree = "<group>"; };
		29E54FE1153CBCF800D1B82F /* Calendar.m */ = {isa = PBXFileReference; fileEncoding = 4; lastKnownFileType = sourcecode.c.objc; path = Calendar.m; sourceTree = "<group>"; };
		32CA4F630368D1EE00C91783 /* calendar_Prefix.pch */ = {isa = PBXFileReference; fileEncoding = 4; lastKnownFileType = sourcecode.c.h; path = calendar_Prefix.pch; sourceTree = "<group>"; };
		5222D78D15A9867000D473A6 /* UIGestureRecognizer+Tools.h */ = {isa = PBXFileReference; fileEncoding = 4; lastKnownFileType = sourcecode.c.h; name = "UIGestureRecognizer+Tools.h"; path = "Classes/UIGestureRecognizer+Tools.h"; sourceTree = "<group>"; };
		5222D78E15A9867000D473A6 /* UIGestureRecognizer+Tools.m */ = {isa = PBXFileReference; fileEncoding = 4; lastKnownFileType = sourcecode.c.objc; name = "UIGestureRecognizer+Tools.m"; path = "Classes/UIGestureRecognizer+Tools.m"; sourceTree = "<group>"; };
		5232E36B159BE4CE000AE3BC /* CalendarMath.h */ = {isa = PBXFileReference; fileEncoding = 4; lastKnownFileType = sourcecode.c.h; lineEnding = 0; path = CalendarMath.h; sourceTree = "<group>"; xcLanguageSpecificationIdentifier = xcode.lang.objcpp; };
		5232E36C159BE4CE000AE3BC /* CalendarMath.m */ = {isa = PBXFileReference; fileEncoding = 4; lastKnownFileType = sourcecode.c.objc; lineEnding = 0; path = CalendarMath.m; sourceTree = "<group>"; xcLanguageSpecificationIdentifier = xcode.lang.objc; };
		52529D7715A51889009D5468 /* UIColor+Tools.h */ = {isa = PBXFileReference; fileEncoding = 4; lastKnownFileType = sourcecode.c.h; name = "UIColor+Tools.h"; path = "Classes/UIColor+Tools.h"; sourceTree = "<group>"; };
		52529D7815A51889009D5468 /* UIColor+Tools.m */ = {isa = PBXFileReference; fileEncoding = 4; lastKnownFileType = sourcecode.c.objc; name = "UIColor+Tools.m"; path = "Classes/UIColor+Tools.m"; sourceTree = "<group>"; };
		52779B5015DD91B10053BFF7 /* LayerAnimationFactory.h */ = {isa = PBXFileReference; fileEncoding = 4; lastKnownFileType = sourcecode.c.h; path = LayerAnimationFactory.h; sourceTree = "<group>"; };
		52779B5115DD91B10053BFF7 /* LayerAnimationFactory.m */ = {isa = PBXFileReference; fileEncoding = 4; lastKnownFileType = sourcecode.c.objc; path = LayerAnimationFactory.m; sourceTree = "<group>"; };
		52779B5515DD94760053BFF7 /* BoxLayer.h */ = {isa = PBXFileReference; fileEncoding = 4; lastKnownFileType = sourcecode.c.h; path = BoxLayer.h; sourceTree = "<group>"; };
		52779B5615DD94760053BFF7 /* BoxLayer.m */ = {isa = PBXFileReference; fileEncoding = 4; lastKnownFileType = sourcecode.c.objc; path = BoxLayer.m; sourceTree = "<group>"; };
		52779B5815DD94990053BFF7 /* DepthLayer.h */ = {isa = PBXFileReference; fileEncoding = 4; lastKnownFileType = sourcecode.c.h; path = DepthLayer.h; sourceTree = "<group>"; };
		52779B5915DD94990053BFF7 /* DepthLayer.m */ = {isa = PBXFileReference; fileEncoding = 4; lastKnownFileType = sourcecode.c.objc; path = DepthLayer.m; sourceTree = "<group>"; };
		52779B5B15DD95200053BFF7 /* CalendarEventLayer.h */ = {isa = PBXFileReference; fileEncoding = 4; lastKnownFileType = sourcecode.c.h; path = CalendarEventLayer.h; sourceTree = "<group>"; };
		52779B5C15DD95200053BFF7 /* CalendarEventLayer.m */ = {isa = PBXFileReference; fileEncoding = 4; lastKnownFileType = sourcecode.c.objc; path = CalendarEventLayer.m; sourceTree = "<group>"; };
		52B1642B15B0179300269D10 /* Background.png */ = {isa = PBXFileReference; lastKnownFileType = image.png; path = Background.png; sourceTree = "<group>"; };
		52B1642D15B23DD900269D10 /* QuartzCore.framework */ = {isa = PBXFileReference; lastKnownFileType = wrapper.framework; name = QuartzCore.framework; path = System/Library/Frameworks/QuartzCore.framework; sourceTree = SDKROOT; };
		52B1642F15B247BB00269D10 /* LayerDelegate.h */ = {isa = PBXFileReference; fileEncoding = 4; lastKnownFileType = sourcecode.c.h; path = LayerDelegate.h; sourceTree = "<group>"; };
		52B1643015B247BC00269D10 /* LayerDelegate.m */ = {isa = PBXFileReference; fileEncoding = 4; lastKnownFileType = sourcecode.c.objc; path = LayerDelegate.m; sourceTree = "<group>"; };
		52B69C7915E40FC5006BD2CE /* RailLayer.h */ = {isa = PBXFileReference; fileEncoding = 4; lastKnownFileType = sourcecode.c.h; path = RailLayer.h; sourceTree = "<group>"; };
		52B69C7A15E40FC5006BD2CE /* RailLayer.m */ = {isa = PBXFileReference; fileEncoding = 4; lastKnownFileType = sourcecode.c.objc; path = RailLayer.m; sourceTree = "<group>"; };
		52B69C7C15E41307006BD2CE /* DepthMaskLayer.h */ = {isa = PBXFileReference; fileEncoding = 4; lastKnownFileType = sourcecode.c.h; path = DepthMaskLayer.h; sourceTree = "<group>"; };
		52B69C7D15E41307006BD2CE /* DepthMaskLayer.m */ = {isa = PBXFileReference; fileEncoding = 4; lastKnownFileType = sourcecode.c.objc; path = DepthMaskLayer.m; sourceTree = "<group>"; };
		52B69C7F15E417BD006BD2CE /* CategoryLayer.h */ = {isa = PBXFileReference; fileEncoding = 4; lastKnownFileType = sourcecode.c.h; path = CategoryLayer.h; sourceTree = "<group>"; };
		52B69C8015E417BD006BD2CE /* CategoryLayer.m */ = {isa = PBXFileReference; fileEncoding = 4; lastKnownFileType = sourcecode.c.objc; path = CategoryLayer.m; sourceTree = "<group>"; };
		52B69C8215E41830006BD2CE /* UIConstants.h */ = {isa = PBXFileReference; fileEncoding = 4; lastKnownFileType = sourcecode.c.h; path = UIConstants.h; sourceTree = "<group>"; };
		52E40D4015E362C900186DE2 /* HighlightLayer.h */ = {isa = PBXFileReference; fileEncoding = 4; lastKnownFileType = sourcecode.c.h; path = HighlightLayer.h; sourceTree = "<group>"; };
		52E40D4115E362C900186DE2 /* HighlightLayer.m */ = {isa = PBXFileReference; fileEncoding = 4; lastKnownFileType = sourcecode.c.objc; path = HighlightLayer.m; sourceTree = "<group>"; };
		8D1107310486CEB800E47090 /* calendar-Info.plist */ = {isa = PBXFileReference; fileEncoding = 4; lastKnownFileType = text.plist.xml; path = "calendar-Info.plist"; plistStructureDefinitionIdentifier = "com.apple.xcode.plist.structure-definition.iphone.info-plist"; sourceTree = "<group>"; };
/* End PBXFileReference section */

/* Begin PBXFrameworksBuildPhase section */
		1D60588F0D05DD3D006BFB54 /* Frameworks */ = {
			isa = PBXFrameworksBuildPhase;
			buildActionMask = 2147483647;
			files = (
				52B1642E15B23DDA00269D10 /* QuartzCore.framework in Frameworks */,
				1D60589F0D05DD5A006BFB54 /* Foundation.framework in Frameworks */,
				1DF5F4E00D08C38300B7A737 /* UIKit.framework in Frameworks */,
				288765A50DF7441C002DB57D /* CoreGraphics.framework in Frameworks */,
				2968FE64158D61CD00CBB5BE /* EventKit.framework in Frameworks */,
			);
			runOnlyForDeploymentPostprocessing = 0;
		};
/* End PBXFrameworksBuildPhase section */

/* Begin PBXGroup section */
		080E96DDFE201D6D7F000001 /* Classes */ = {
			isa = PBXGroup;
			children = (
				2968FE56158D610A00CBB5BE /* App Delegate */,
				2968FE72158D702A00CBB5BE /* Models */,
				2968FE73158D703000CBB5BE /* Controllers */,
				2968FE55158D60E100CBB5BE /* Views */,
			);
			path = Classes;
			sourceTree = "<group>";
		};
		19C28FACFE9D520D11CA2CBB /* Products */ = {
			isa = PBXGroup;
			children = (
				1D6058910D05DD3D006BFB54 /* calendar.app */,
			);
			name = Products;
			sourceTree = "<group>";
		};
		2968FE55158D60E100CBB5BE /* Views */ = {
			isa = PBXGroup;
			children = (
				52B69C8215E41830006BD2CE /* UIConstants.h */,
				52779B5E15DD9B750053BFF7 /* CalendarEntity */,
				29C1CF7B158EBEBF00842914 /* CategoryChooserCell.h */,
				29C1CF7C158EBEBF00842914 /* CategoryChooserCell.m */,
				52B1642F15B247BB00269D10 /* LayerDelegate.h */,
				52B1643015B247BC00269D10 /* LayerDelegate.m */,
				52779B5015DD91B10053BFF7 /* LayerAnimationFactory.h */,
				52779B5115DD91B10053BFF7 /* LayerAnimationFactory.m */,
			);
			name = Views;
			sourceTree = "<group>";
		};
		2968FE56158D610A00CBB5BE /* App Delegate */ = {
			isa = PBXGroup;
			children = (
				1D3623240D0F684500981E51 /* calendarAppDelegate.h */,
				1D3623250D0F684500981E51 /* calendarAppDelegate.m */,
			);
			name = "App Delegate";
			sourceTree = "<group>";
		};
		2968FE72158D702A00CBB5BE /* Models */ = {
			isa = PBXGroup;
			children = (
				29E54FE0153CBCF800D1B82F /* Calendar.h */,
				29E54FE1153CBCF800D1B82F /* Calendar.m */,
				29C1CFCF158ED93600842914 /* Category.h */,
				29C1CFD0158ED93600842914 /* Category.m */,
				29247E6715905B8000B12926 /* Event.h */,
				29247E6815905B8000B12926 /* Event.m */,
			);
			name = Models;
			sourceTree = "<group>";
		};
		2968FE73158D703000CBB5BE /* Controllers */ = {
			isa = PBXGroup;
			children = (
				5232E36B159BE4CE000AE3BC /* CalendarMath.h */,
				5232E36C159BE4CE000AE3BC /* CalendarMath.m */,
				2968FE93158D72BA00CBB5BE /* BreakdownController.h */,
				2968FE94158D72BA00CBB5BE /* BreakdownController.m */,
				2968FE6D158D700E00CBB5BE /* CalendarController.h */,
				2968FE6E158D700E00CBB5BE /* CalendarController.m */,
				28D7ACF60DDB3853001CB0EB /* CalendarDayController.h */,
				28D7ACF70DDB3853001CB0EB /* CalendarDayController.m */,
				29C1CF60158EAE7E00842914 /* CategoryChooserController.h */,
				29C1CF61158EAE7E00842914 /* CategoryChooserController.m */,
			);
			name = Controllers;
			sourceTree = "<group>";
		};
		29B97314FDCFA39411CA2CEA /* CustomTemplate */ = {
			isa = PBXGroup;
			children = (
				080E96DDFE201D6D7F000001 /* Classes */,
				29B97315FDCFA39411CA2CEA /* Other Sources */,
				29B97317FDCFA39411CA2CEA /* Resources */,
				29B97323FDCFA39411CA2CEA /* Frameworks */,
				19C28FACFE9D520D11CA2CBB /* Products */,
			);
			name = CustomTemplate;
			sourceTree = "<group>";
		};
		29B97315FDCFA39411CA2CEA /* Other Sources */ = {
			isa = PBXGroup;
			children = (
				32CA4F630368D1EE00C91783 /* calendar_Prefix.pch */,
				29B97316FDCFA39411CA2CEA /* main.m */,
				52529D7715A51889009D5468 /* UIColor+Tools.h */,
				52529D7815A51889009D5468 /* UIColor+Tools.m */,
				5222D78D15A9867000D473A6 /* UIGestureRecognizer+Tools.h */,
				5222D78E15A9867000D473A6 /* UIGestureRecognizer+Tools.m */,
			);
			name = "Other Sources";
			sourceTree = "<group>";
		};
		29B97317FDCFA39411CA2CEA /* Resources */ = {
			isa = PBXGroup;
			children = (
				52B1642A15B0179300269D10 /* Images */,
				292CB7B6158F1328006367C4 /* CalendarDayController.xib */,
				292CB7B7158F1328006367C4 /* CategoryChooserCell.xib */,
				292CB7B8158F1328006367C4 /* MainWindow.xib */,
				29C1CF62158EAE7E00842914 /* CategoryChooserController.xib */,
				2968FE95158D72BA00CBB5BE /* BreakdownController.xib */,
				2968FE6F158D700E00CBB5BE /* CalendarController.xib */,
				8D1107310486CEB800E47090 /* calendar-Info.plist */,
			);
			name = Resources;
			sourceTree = "<group>";
		};
		29B97323FDCFA39411CA2CEA /* Frameworks */ = {
			isa = PBXGroup;
			children = (
				52B1642D15B23DD900269D10 /* QuartzCore.framework */,
				1DF5F4DF0D08C38300B7A737 /* UIKit.framework */,
				1D30AB110D05D00D00671497 /* Foundation.framework */,
				288765A40DF7441C002DB57D /* CoreGraphics.framework */,
				2968FE63158D61CD00CBB5BE /* EventKit.framework */,
			);
			name = Frameworks;
			sourceTree = "<group>";
		};
		52779B5415DD94550053BFF7 /* CalendarEvent */ = {
			isa = PBXGroup;
			children = (
				29D98123151C14BC00B1E158 /* CalendarEvent.h */,
				29D98124151C14BC00B1E158 /* CalendarEvent.m */,
				52779B5B15DD95200053BFF7 /* CalendarEventLayer.h */,
				52779B5C15DD95200053BFF7 /* CalendarEventLayer.m */,
				52B69C7715E36FF7006BD2CE /* Sublayers */,
			);
			name = CalendarEvent;
			sourceTree = "<group>";
		};
		52779B5E15DD9B750053BFF7 /* CalendarEntity */ = {
			isa = PBXGroup;
			children = (
				294DCC8A152C16BD00637E0A /* CalendarEntity.h */,
				294DCC8B152C16BD00637E0A /* CalendarEntity.m */,
				299DF98515195A3700958CF4 /* CalendarDay.h */,
				299DF98615195A3700958CF4 /* CalendarDay.m */,
				52779B5415DD94550053BFF7 /* CalendarEvent */,
			);
			name = CalendarEntity;
			sourceTree = "<group>";
		};
		52B1642A15B0179300269D10 /* Images */ = {
			isa = PBXGroup;
			children = (
				52B1642B15B0179300269D10 /* Background.png */,
			);
			path = Images;
			sourceTree = "<group>";
		};
		52B69C7715E36FF7006BD2CE /* Sublayers */ = {
			isa = PBXGroup;
			children = (
				52779B5515DD94760053BFF7 /* BoxLayer.h */,
				52779B5615DD94760053BFF7 /* BoxLayer.m */,
				52779B5815DD94990053BFF7 /* DepthLayer.h */,
				52779B5915DD94990053BFF7 /* DepthLayer.m */,
				52B69C7C15E41307006BD2CE /* DepthMaskLayer.h */,
				52B69C7D15E41307006BD2CE /* DepthMaskLayer.m */,
				52E40D4015E362C900186DE2 /* HighlightLayer.h */,
				52E40D4115E362C900186DE2 /* HighlightLayer.m */,
				52B69C7915E40FC5006BD2CE /* RailLayer.h */,
				52B69C7A15E40FC5006BD2CE /* RailLayer.m */,
				52B69C7F15E417BD006BD2CE /* CategoryLayer.h */,
				52B69C8015E417BD006BD2CE /* CategoryLayer.m */,
			);
			name = Sublayers;
			sourceTree = "<group>";
		};
/* End PBXGroup section */

/* Begin PBXNativeTarget section */
		1D6058900D05DD3D006BFB54 /* calendar */ = {
			isa = PBXNativeTarget;
			buildConfigurationList = 1D6058960D05DD3E006BFB54 /* Build configuration list for PBXNativeTarget "calendar" */;
			buildPhases = (
				1D60588D0D05DD3D006BFB54 /* Resources */,
				1D60588E0D05DD3D006BFB54 /* Sources */,
				1D60588F0D05DD3D006BFB54 /* Frameworks */,
			);
			buildRules = (
			);
			dependencies = (
			);
			name = calendar;
			productName = calendar;
			productReference = 1D6058910D05DD3D006BFB54 /* calendar.app */;
			productType = "com.apple.product-type.application";
		};
/* End PBXNativeTarget section */

/* Begin PBXProject section */
		29B97313FDCFA39411CA2CEA /* Project object */ = {
			isa = PBXProject;
			attributes = {
				LastUpgradeCheck = 0430;
			};
			buildConfigurationList = C01FCF4E08A954540054247B /* Build configuration list for PBXProject "calendar" */;
			compatibilityVersion = "Xcode 3.2";
			developmentRegion = English;
			hasScannedForEncodings = 1;
			knownRegions = (
				English,
				Japanese,
				French,
				German,
			);
			mainGroup = 29B97314FDCFA39411CA2CEA /* CustomTemplate */;
			projectDirPath = "";
			projectRoot = "";
			targets = (
				1D6058900D05DD3D006BFB54 /* calendar */,
			);
		};
/* End PBXProject section */

/* Begin PBXResourcesBuildPhase section */
		1D60588D0D05DD3D006BFB54 /* Resources */ = {
			isa = PBXResourcesBuildPhase;
			buildActionMask = 2147483647;
			files = (
				2968FE71158D700E00CBB5BE /* CalendarController.xib in Resources */,
				2968FE97158D72BA00CBB5BE /* BreakdownController.xib in Resources */,
				29C1CF64158EAE7E00842914 /* CategoryChooserController.xib in Resources */,
				292CB7B9158F1328006367C4 /* CalendarDayController.xib in Resources */,
				292CB7BA158F1328006367C4 /* CategoryChooserCell.xib in Resources */,
				292CB7BB158F1328006367C4 /* MainWindow.xib in Resources */,
				52B1642C15B0179300269D10 /* Background.png in Resources */,
			);
			runOnlyForDeploymentPostprocessing = 0;
		};
/* End PBXResourcesBuildPhase section */

/* Begin PBXSourcesBuildPhase section */
		1D60588E0D05DD3D006BFB54 /* Sources */ = {
			isa = PBXSourcesBuildPhase;
			buildActionMask = 2147483647;
			files = (
				1D60589B0D05DD56006BFB54 /* main.m in Sources */,
				1D3623260D0F684500981E51 /* calendarAppDelegate.m in Sources */,
				28D7ACF80DDB3853001CB0EB /* CalendarDayController.m in Sources */,
				299DF98715195A3700958CF4 /* CalendarDay.m in Sources */,
				29D98125151C14BC00B1E158 /* CalendarEvent.m in Sources */,
				294DCC8C152C16BD00637E0A /* CalendarEntity.m in Sources */,
				29E54FE2153CBCF800D1B82F /* Calendar.m in Sources */,
				2968FE70158D700E00CBB5BE /* CalendarController.m in Sources */,
				2968FE96158D72BA00CBB5BE /* BreakdownController.m in Sources */,
				29C1CF63158EAE7E00842914 /* CategoryChooserController.m in Sources */,
				29C1CF7D158EBEBF00842914 /* CategoryChooserCell.m in Sources */,
				29C1CFD1158ED93600842914 /* Category.m in Sources */,
				29247E6915905B8000B12926 /* Event.m in Sources */,
				5232E36D159BE4CE000AE3BC /* CalendarMath.m in Sources */,
				52529D7915A51889009D5468 /* UIColor+Tools.m in Sources */,
				5222D78F15A9867000D473A6 /* UIGestureRecognizer+Tools.m in Sources */,
				52B1643115B247BC00269D10 /* LayerDelegate.m in Sources */,
				52779B5215DD91B10053BFF7 /* LayerAnimationFactory.m in Sources */,
				52779B5715DD94760053BFF7 /* BoxLayer.m in Sources */,
				52779B5A15DD949A0053BFF7 /* DepthLayer.m in Sources */,
				52779B5D15DD95200053BFF7 /* CalendarEventLayer.m in Sources */,
				52E40D4215E362C900186DE2 /* HighlightLayer.m in Sources */,
				52B69C7B15E40FC5006BD2CE /* RailLayer.m in Sources */,
				52B69C7E15E41308006BD2CE /* DepthMaskLayer.m in Sources */,
				52B69C8115E417BE006BD2CE /* CategoryLayer.m in Sources */,
			);
			runOnlyForDeploymentPostprocessing = 0;
		};
/* End PBXSourcesBuildPhase section */

/* Begin XCBuildConfiguration section */
		1D6058940D05DD3E006BFB54 /* Debug */ = {
			isa = XCBuildConfiguration;
			buildSettings = {
				ALWAYS_SEARCH_USER_PATHS = NO;
				CLANG_ENABLE_OBJC_ARC = YES;
				CLANG_WARN_OBJCPP_ARC_ABI = YES;
				CODE_SIGN_IDENTITY = "iPhone Developer: Fravic Fernando (Z2MH98CXN4)";
				COPY_PHASE_STRIP = NO;
				GCC_DYNAMIC_NO_PIC = NO;
				GCC_OPTIMIZATION_LEVEL = 0;
				GCC_PRECOMPILE_PREFIX_HEADER = YES;
				GCC_PREFIX_HEADER = calendar_Prefix.pch;
				INFOPLIST_FILE = "calendar-Info.plist";
				PRODUCT_NAME = calendar;
				PROVISIONING_PROFILE = "7F9EEE18-3763-4546-8F72-82AD02523C40";
				VALIDATE_PRODUCT = YES;
			};
			name = Debug;
		};
		1D6058950D05DD3E006BFB54 /* Release */ = {
			isa = XCBuildConfiguration;
			buildSettings = {
				ALWAYS_SEARCH_USER_PATHS = NO;
				CLANG_ENABLE_OBJC_ARC = YES;
				CLANG_WARN_OBJCPP_ARC_ABI = YES;
				CODE_SIGN_IDENTITY = "iPhone Developer: Fravic Fernando (Z2MH98CXN4)";
				COPY_PHASE_STRIP = YES;
				GCC_PRECOMPILE_PREFIX_HEADER = YES;
				GCC_PREFIX_HEADER = calendar_Prefix.pch;
				INFOPLIST_FILE = "calendar-Info.plist";
				PRODUCT_NAME = calendar;
				PROVISIONING_PROFILE = "7F9EEE18-3763-4546-8F72-82AD02523C40";
				VALIDATE_PRODUCT = YES;
			};
			name = Release;
		};
		C01FCF4F08A954540054247B /* Debug */ = {
			isa = XCBuildConfiguration;
			buildSettings = {
				ARCHS = "$(ARCHS_STANDARD_32_BIT)";
				"CODE_SIGN_IDENTITY[sdk=iphoneos*]" = "iPhone Developer";
				GCC_C_LANGUAGE_STANDARD = c99;
				GCC_WARN_ABOUT_RETURN_TYPE = YES;
				GCC_WARN_UNUSED_VARIABLE = YES;
				SDKROOT = iphoneos;
			};
			name = Debug;
		};
		C01FCF5008A954540054247B /* Release */ = {
			isa = XCBuildConfiguration;
			buildSettings = {
				ARCHS = "$(ARCHS_STANDARD_32_BIT)";
				"CODE_SIGN_IDENTITY[sdk=iphoneos*]" = "iPhone Developer";
				GCC_C_LANGUAGE_STANDARD = c99;
				GCC_WARN_ABOUT_RETURN_TYPE = YES;
				GCC_WARN_UNUSED_VARIABLE = YES;
				OTHER_CFLAGS = "-DNS_BLOCK_ASSERTIONS=1";
				SDKROOT = iphoneos;
			};
			name = Release;
		};
/* End XCBuildConfiguration section */

/* Begin XCConfigurationList section */
		1D6058960D05DD3E006BFB54 /* Build configuration list for PBXNativeTarget "calendar" */ = {
			isa = XCConfigurationList;
			buildConfigurations = (
				1D6058940D05DD3E006BFB54 /* Debug */,
				1D6058950D05DD3E006BFB54 /* Release */,
			);
			defaultConfigurationIsVisible = 0;
			defaultConfigurationName = Debug;
		};
		C01FCF4E08A954540054247B /* Build configuration list for PBXProject "calendar" */ = {
			isa = XCConfigurationList;
			buildConfigurations = (
				C01FCF4F08A954540054247B /* Debug */,
				C01FCF5008A954540054247B /* Release */,
			);
			defaultConfigurationIsVisible = 0;
			defaultConfigurationName = Debug;
		};
/* End XCConfigurationList section */
	};
	rootObject = 29B97313FDCFA39411CA2CEA /* Project object */;
}
